{
  "name": "cms.wikibus.org",
  "version": "0.0.0",
  "lockfileVersion": 1,
  "requires": true,
  "dependencies": {
    "@fcostarodrigo/walk": {
      "version": "4.0.2",
      "resolved": "https://registry.npmjs.org/@fcostarodrigo/walk/-/walk-4.0.2.tgz",
      "integrity": "sha512-0PY3rQvf2J5Lfdi0bLbg7wEsXJFParUxbpE9PetM6YZCzd+EQnrX3B4xNy/8ViWjFrLoclfyt87R1aphYlEarw==",
      "dev": true
    },
    "@rdfine/schema": {
      "version": "0.1.2",
      "resolved": "https://registry.npmjs.org/@rdfine/schema/-/schema-0.1.2.tgz",
      "integrity": "sha512-YXlyfapZ+LVkKiOnnTBpp7q1Rs3vMl1GKv1hM7Xi5cBNjsPa1BhjPl4PtQTZ2hdMDwuo6je4czP+BHt9WE1WYw==",
      "dev": true,
      "requires": {
        "@rdfjs/namespace": "^1.1.0",
        "@tpluscode/rdf-ns-builders": "^0.1.0",
        "@tpluscode/rdfine": "^0.4.2",
        "esm": "^3.2.25"
      }
    },
    "@rdfjs/data-model": {
      "version": "1.1.2",
      "resolved": "https://registry.npmjs.org/@rdfjs/data-model/-/data-model-1.1.2.tgz",
      "integrity": "sha512-pk/G/JLYGaXesoBLvEmoC/ic0H3B79fTyS0Ujjh5YQB2DZW+mn05ZowFFv88rjB9jf7c1XE5XSmf8jzn6U0HHA==",
      "dev": true,
      "requires": {
        "@types/rdf-js": "^2.0.1"
      }
    },
    "@rdfjs/namespace": {
      "version": "1.1.0",
      "resolved": "https://registry.npmjs.org/@rdfjs/namespace/-/namespace-1.1.0.tgz",
      "integrity": "sha512-utO5rtaOKxk8B90qzaQ0N+J5WrCI28DtfAY/zExCmXE7cOfC5uRI/oMKbLaVEPj2P7uArekt/T4IPATtj7Tjug==",
      "dev": true,
      "requires": {
        "@rdfjs/data-model": "^1.1.0"
      }
    },
    "@rdfjs/parser-n3": {
      "version": "1.1.4",
      "resolved": "https://registry.npmjs.org/@rdfjs/parser-n3/-/parser-n3-1.1.4.tgz",
      "integrity": "sha512-PUKSNlfD2Zq3GcQZuOF2ndfrLbc+N96FUe2gNIzARlR2er0BcOHBHEFUJvVGg1Xmsg3hVKwfg0nwn1JZ7qKKMw==",
      "dev": true,
      "requires": {
        "@rdfjs/data-model": "^1.0.1",
        "@rdfjs/sink": "^1.0.2",
        "n3": "^1.3.5",
        "readable-stream": "^3.6.0",
        "readable-to-readable": "^0.1.0"
      }
    },
    "@rdfjs/sink": {
      "version": "1.0.3",
      "resolved": "https://registry.npmjs.org/@rdfjs/sink/-/sink-1.0.3.tgz",
      "integrity": "sha512-2KfYa8mAnptRNeogxhQqkWNXqfYVWO04jQThtXKepySrIwYmz83+WlevQtA4VDLFe+kFd2TwgL29ekPe5XVUfA==",
      "dev": true
    },
    "@rdfjs/term-set": {
      "version": "1.0.1",
      "resolved": "https://registry.npmjs.org/@rdfjs/term-set/-/term-set-1.0.1.tgz",
      "integrity": "sha512-7+pSdm8R1nhSyP1xEqcQYFTARD/2iLr98tiAsSUfykCg0T0LrZ6j/3EEKmcKTWLMazMA9deRfmjPvzqMFwLBig==",
      "dev": true,
      "requires": {
        "@rdfjs/to-ntriples": "^1.0.2"
      }
    },
    "@rdfjs/to-ntriples": {
      "version": "1.0.2",
      "resolved": "https://registry.npmjs.org/@rdfjs/to-ntriples/-/to-ntriples-1.0.2.tgz",
      "integrity": "sha512-ngw5XAaGHjgGiwWWBPGlfdCclHftonmbje5lMys4G2j4NvfExraPIuRZgjSnd5lg4dnulRVUll8tRbgKO+7EDA==",
      "dev": true
    },
    "@tpluscode/rdf-ns-builders": {
      "version": "0.1.0",
      "resolved": "https://registry.npmjs.org/@tpluscode/rdf-ns-builders/-/rdf-ns-builders-0.1.0.tgz",
      "integrity": "sha512-HxcNaUSZZOIBS8pdYiyRodFejLCcrleCMc/b8qdHA8bw830u5JOomSBZKRgylEAaps69G7PQPWtwvAEFSPRcKQ==",
      "dev": true,
      "requires": {
        "@rdfjs/namespace": "^1.1.0",
        "@types/rdf-js": "^2.0.11",
        "@types/rdfjs__namespace": "^1.1.1"
      }
    },
    "@tpluscode/rdf-string": {
      "version": "0.2.10",
      "resolved": "https://registry.npmjs.org/@tpluscode/rdf-string/-/rdf-string-0.2.10.tgz",
      "integrity": "sha512-JNx3iUweS32A37k9GyjtetHYefaT9xUn++ybLRWLn7qx2ah5o0RzqzX6N97N4dK0BA8dPTf8Ekl2ZDui20Hqtg==",
      "dev": true,
      "requires": {
        "@rdfjs/data-model": "^1.1.2",
        "@tpluscode/rdf-ns-builders": "^0.0.4",
        "@types/rdf-js": "^2.0.11",
        "@zazuko/rdf-vocabularies": "^2020.2.3",
        "esm": "^3.2.25"
      },
      "dependencies": {
        "@tpluscode/rdf-ns-builders": {
          "version": "0.0.4",
          "resolved": "https://registry.npmjs.org/@tpluscode/rdf-ns-builders/-/rdf-ns-builders-0.0.4.tgz",
          "integrity": "sha512-bxWYlLCMiVPv2e7bOByMq2pdm5xZ2gOJWcKZi68WV7ZhPIVsK4IYBRy3CFBWMUfvF/+uiM2ig4vSJFPnHEXj/Q==",
          "dev": true,
          "requires": {
            "@rdfjs/namespace": "^1.1.0",
            "@types/rdf-js": "^2.0.11",
            "@types/rdfjs__namespace": "^1.1.1",
            "@zazuko/rdf-vocabularies": "^2020.2.11"
          }
        }
      }
    },
    "@tpluscode/rdfine": {
      "version": "0.4.2",
      "resolved": "https://registry.npmjs.org/@tpluscode/rdfine/-/rdfine-0.4.2.tgz",
      "integrity": "sha512-4qwIipiQLo30Ef77Ylxqt84vuPsxt3i3pS1luJxXdE4w7pzl5B64NV6df2eHIHWOu71H4OjM+cssGqP3xaxeeQ==",
      "dev": true,
      "requires": {
        "@rdfjs/data-model": "^1.1.2",
        "@rdfjs/namespace": "^1.1.0",
        "@rdfjs/term-set": "^1.0.1",
        "@tpluscode/rdf-ns-builders": "^0.1.0",
        "clownface": "^0.12.1",
        "esm": "^3.2.25",
        "once": "^1.4.0"
      }
    },
    "@types/clownface": {
      "version": "0.12.13",
      "resolved": "https://registry.npmjs.org/@types/clownface/-/clownface-0.12.13.tgz",
      "integrity": "sha512-hcZLgNJeKugWlWPt/xEIM5TtQJ4RmoNib5f/9kvxXrGU50feVI3shKdPToZTNaFwprClSpLsAiuSyjFdto7tmg==",
      "dev": true,
      "requires": {
        "@types/rdf-js": "*"
      }
    },
    "@types/node": {
      "version": "13.11.1",
      "resolved": "https://registry.npmjs.org/@types/node/-/node-13.11.1.tgz",
      "integrity": "sha512-eWQGP3qtxwL8FGneRrC5DwrJLGN4/dH1clNTuLfN81HCrxVtxRjygDTUoZJ5ASlDEeo0ppYFQjQIlXhtXpOn6g==",
      "dev": true
    },
    "@types/rdf-ext": {
      "version": "1.3.6",
      "resolved": "https://registry.npmjs.org/@types/rdf-ext/-/rdf-ext-1.3.6.tgz",
      "integrity": "sha512-vAO0OcQgk7K6PgS6b0bUbDdiSTcSqUO2mfTpM2k7hIWunRzvIUSpSb/5GurfjvTO7dngVg9ZnW4kitl1V1ix/w==",
      "dev": true,
      "requires": {
        "@types/rdf-js": "*"
      }
    },
    "@types/rdf-js": {
      "version": "2.0.12",
      "resolved": "https://registry.npmjs.org/@types/rdf-js/-/rdf-js-2.0.12.tgz",
      "integrity": "sha512-NBzHFHp2vHOJkPlSqzsOrkEsD9grKn+PdFjZieIw59pc0FlRG6WEQAjQZvHzFxJlYzC6ZDCFyTA1wBvUnnzUQw==",
      "dev": true,
      "requires": {
        "@types/node": "*"
      }
    },
    "@types/rdfjs__namespace": {
      "version": "1.1.1",
      "resolved": "https://registry.npmjs.org/@types/rdfjs__namespace/-/rdfjs__namespace-1.1.1.tgz",
      "integrity": "sha512-IgPTKBbKC4Hm5j7kO9XpJMtWMXCRc9x308VD/e/ibdDiaSc27c7dzwPtgQeWUK0q1IQ5hobOAuHZVvlhIH8eMg==",
      "dev": true,
      "requires": {
        "@types/rdf-js": "*"
      }
    },
    "@zazuko/rdf-vocabularies": {
      "version": "2020.3.23",
      "resolved": "https://registry.npmjs.org/@zazuko/rdf-vocabularies/-/rdf-vocabularies-2020.3.23.tgz",
      "integrity": "sha512-CVUEIAsoKyZXSkWDi8ZEcQCSZrWAxQoMaeo/5537BPkLuWYw/Sp6NOaCffAa0Vb9hB0mcHiU2hLu4Qx+C3PE6Q==",
      "dev": true,
      "requires": {
        "@rdfjs/parser-n3": "^1.1.2",
        "commander": "^5.0.0",
        "rdf-ext": "^1.3.0",
        "readable-stream": "^3.6.0",
        "string-to-stream": "^3.0.1"
      }
    },
    "arg": {
      "version": "4.1.3",
      "resolved": "https://registry.npmjs.org/arg/-/arg-4.1.3.tgz",
      "integrity": "sha512-58S9QDqG0Xx27YwPSt9fJxivjYl432YCwfDMfZ+71RAqUrZef7LrKQZ3LHLOwCS4FLNBplP533Zx895SeOCHvA==",
      "dev": true
    },
    "at-least-node": {
      "version": "1.0.0",
      "resolved": "https://registry.npmjs.org/at-least-node/-/at-least-node-1.0.0.tgz",
      "integrity": "sha512-+q/t7Ekv1EDY2l6Gda6LLiX14rU9TV20Wa3ofeQmwPFZbOMo9DXrLbOjFaaclkXKWidIaopwAObQDqwWtGUjqg=="
    },
    "buffer-from": {
      "version": "1.1.1",
      "resolved": "https://registry.npmjs.org/buffer-from/-/buffer-from-1.1.1.tgz",
      "integrity": "sha512-MQcXEUbCKtEo7bhqEs6560Hyd4XaovZlO/k9V3hjVUF/zwW7KBVdSK4gIt/bzwS9MbR5qob+F5jusZsb0YQK2A==",
      "dev": true
    },
    "clownface": {
      "version": "0.12.3",
      "resolved": "https://registry.npmjs.org/clownface/-/clownface-0.12.3.tgz",
      "integrity": "sha512-TPRfWfcO8+0jjDtV6CvKQHsvzUQeaSba30xCCZa9ChjB0Zp/Ts/3E4MVSMGqKln2gNqyEDm3gPtFtV/dp70kXA==",
      "dev": true,
      "requires": {
        "@rdfjs/data-model": "^1.1.0",
        "@rdfjs/namespace": "^1.0.0"
      }
    },
    "commander": {
      "version": "5.0.0",
      "resolved": "https://registry.npmjs.org/commander/-/commander-5.0.0.tgz",
      "integrity": "sha512-JrDGPAKjMGSP1G0DUoaceEJ3DZgAfr/q6X7FVk4+U5KxUSKviYGM2k6zWkfyyBHy5rAtzgYJFa1ro2O9PtoxwQ==",
      "dev": true
    },
    "diff": {
      "version": "4.0.2",
      "resolved": "https://registry.npmjs.org/diff/-/diff-4.0.2.tgz",
      "integrity": "sha512-58lmxKSA4BNyLz+HHMUzlOEpg09FV+ev6ZMe3vJihgdxzgcwZ8VoEEPmALCZG9LmqfVoNMMKpttIYTVG6uDY7A==",
      "dev": true
    },
    "esm": {
      "version": "3.2.25",
      "resolved": "https://registry.npmjs.org/esm/-/esm-3.2.25.tgz",
      "integrity": "sha512-U1suiZ2oDVWv4zPO56S0NcR5QriEahGtdN2OR6FiOG4WJvcjBVFB0qI4+eKoWFH483PKGuLuu6V8Z4T5g63UVA==",
      "dev": true
    },
    "fs-extra": {
      "version": "9.0.0",
      "resolved": "https://registry.npmjs.org/fs-extra/-/fs-extra-9.0.0.tgz",
      "integrity": "sha512-pmEYSk3vYsG/bF651KPUXZ+hvjpgWYw/Gc7W9NFUe3ZVLczKKWIij3IKpOrQcdw4TILtibFslZ0UmR8Vvzig4g==",
      "requires": {
        "at-least-node": "^1.0.0",
        "graceful-fs": "^4.2.0",
        "jsonfile": "^6.0.1",
        "universalify": "^1.0.0"
      }
    },
    "graceful-fs": {
      "version": "4.2.3",
      "resolved": "https://registry.npmjs.org/graceful-fs/-/graceful-fs-4.2.3.tgz",
      "integrity": "sha512-a30VEBm4PEdx1dRB7MFK7BejejvCvBronbLjht+sHuGYj8PHs7M/5Z+rt5lw551vZ7yfTCj4Vuyy3mSJytDWRQ=="
    },
    "inherits": {
      "version": "2.0.4",
      "resolved": "https://registry.npmjs.org/inherits/-/inherits-2.0.4.tgz",
      "integrity": "sha512-k/vGaX4/Yla3WzyMCvTQOXYeIHvqOKtnqBduzTHpzpQZzAskKMhZ2K+EnBiSM9zGSoIFeMpXKxa4dYeZIQqewQ==",
      "dev": true
    },
    "jsonfile": {
      "version": "6.0.1",
      "resolved": "https://registry.npmjs.org/jsonfile/-/jsonfile-6.0.1.tgz",
      "integrity": "sha512-jR2b5v7d2vIOust+w3wtFKZIfpC2pnRmFAhAC/BuweZFQR8qZzxH1OyrQ10HmdVYiXWkYUqPVsz91cG7EL2FBg==",
      "requires": {
        "graceful-fs": "^4.1.6",
        "universalify": "^1.0.0"
      }
    },
    "make-error": {
      "version": "1.3.6",
      "resolved": "https://registry.npmjs.org/make-error/-/make-error-1.3.6.tgz",
      "integrity": "sha512-s8UhlNe7vPKomQhC1qFelMokr/Sc3AgNbso3n74mVPA5LTZwkB9NlXf4XPamLxJE8h0gh73rM94xvwRT2CVInw==",
      "dev": true
    },
    "n3": {
      "version": "1.3.5",
      "resolved": "https://registry.npmjs.org/n3/-/n3-1.3.5.tgz",
      "integrity": "sha512-McWb1tCWGGAmHeGEakqZj/UqxQR9cpEYZ/JivBj59YfiOAuaIWZxu0B+jnhbCwCZ2AsxdgQ5Dq8fehIJpYQaMQ==",
      "dev": true
    },
    "once": {
      "version": "1.4.0",
      "resolved": "https://registry.npmjs.org/once/-/once-1.4.0.tgz",
      "integrity": "sha1-WDsap3WWHUsROsF9nFC6753Xa9E=",
      "dev": true,
      "requires": {
        "wrappy": "1"
      }
    },
    "rdf-dataset-indexed": {
      "version": "0.4.0",
      "resolved": "https://registry.npmjs.org/rdf-dataset-indexed/-/rdf-dataset-indexed-0.4.0.tgz",
      "integrity": "sha512-xIZ3PGwBHh1DVax9FTq/zhJcrdJTkCgRT2xolF5ZhKj0EOFoT6wdITyfxKSmnD6YNyGyng5F5o2SR62TYask3Q==",
      "dev": true,
      "requires": {
        "@rdfjs/data-model": "^1.1.1",
        "readable-stream": "^3.3.0"
      }
    },
    "rdf-ext": {
      "version": "1.3.0",
      "resolved": "https://registry.npmjs.org/rdf-ext/-/rdf-ext-1.3.0.tgz",
      "integrity": "sha512-bzkJpINH1uZgAeSIlE7K1nLF6Y82vGi9U9sBRuiz864pNk/31ba3dw+yLoIkcvQsPcVwnKBVLvGCR3dvD9xM+Q==",
      "dev": true,
      "requires": {
        "@rdfjs/data-model": "^1.1.0",
        "@rdfjs/to-ntriples": "^1.0.1",
        "rdf-dataset-indexed": "^0.4.0",
        "rdf-normalize": "^1.0.0"
      }
    },
    "rdf-normalize": {
      "version": "1.0.0",
      "resolved": "https://registry.npmjs.org/rdf-normalize/-/rdf-normalize-1.0.0.tgz",
      "integrity": "sha1-U0lrrzYszp2fyh8iFsbDAAf5nMo=",
      "dev": true
    },
    "readable-stream": {
      "version": "3.6.0",
      "resolved": "https://registry.npmjs.org/readable-stream/-/readable-stream-3.6.0.tgz",
      "integrity": "sha512-BViHy7LKeTz4oNnkcLJ+lVSL6vpiFeX6/d3oSH8zCW7UxP2onchk+vTGB143xuFjHS3deTgkKoXXymXqymiIdA==",
      "dev": true,
      "requires": {
        "inherits": "^2.0.3",
        "string_decoder": "^1.1.1",
        "util-deprecate": "^1.0.1"
      }
    },
    "readable-to-readable": {
      "version": "0.1.3",
      "resolved": "https://registry.npmjs.org/readable-to-readable/-/readable-to-readable-0.1.3.tgz",
      "integrity": "sha512-G+0kz01xJM/uTuItKcqC73cifW8S6CZ7tp77NLN87lE5mrSU+GC8geoSAlfmp0NocmXckQ7W8s8ns73HYsIA3w==",
      "dev": true,
      "requires": {
        "readable-stream": "^3.6.0"
      }
    },
    "safe-buffer": {
      "version": "5.2.0",
      "resolved": "https://registry.npmjs.org/safe-buffer/-/safe-buffer-5.2.0.tgz",
      "integrity": "sha512-fZEwUGbVl7kouZs1jCdMLdt95hdIv0ZeHg6L7qPeciMZhZ+/gdesW4wgTARkrFWEpspjEATAzUGPG8N2jJiwbg==",
      "dev": true
    },
    "source-map": {
      "version": "0.6.1",
      "resolved": "https://registry.npmjs.org/source-map/-/source-map-0.6.1.tgz",
      "integrity": "sha512-UjgapumWlbMhkBgzT7Ykc5YXUT46F0iKu8SGXq0bcwP5dz/h0Plj6enJqjz1Zbq2l5WaqYnrVbwWOWMyF3F47g==",
      "dev": true
    },
    "source-map-support": {
      "version": "0.5.16",
      "resolved": "https://registry.npmjs.org/source-map-support/-/source-map-support-0.5.16.tgz",
      "integrity": "sha512-efyLRJDr68D9hBBNIPWFjhpFzURh+KJykQwvMyW5UiZzYwoF6l4YMMDIJJEyFWxWCqfyxLzz6tSfUFR+kXXsVQ==",
      "dev": true,
      "requires": {
        "buffer-from": "^1.0.0",
        "source-map": "^0.6.0"
      }
    },
    "string-to-stream": {
      "version": "3.0.1",
      "resolved": "https://registry.npmjs.org/string-to-stream/-/string-to-stream-3.0.1.tgz",
      "integrity": "sha512-Hl092MV3USJuUCC6mfl9sPzGloA3K5VwdIeJjYIkXY/8K+mUvaeEabWJgArp+xXrsWxCajeT2pc4axbVhIZJyg==",
      "dev": true,
      "requires": {
        "readable-stream": "^3.4.0"
      }
    },
    "string_decoder": {
      "version": "1.3.0",
      "resolved": "https://registry.npmjs.org/string_decoder/-/string_decoder-1.3.0.tgz",
      "integrity": "sha512-hkRX8U1WjJFd8LsDJ2yQ/wWWxaopEsABU1XfkM8A+j0+85JAGppt16cr1Whg6KIbb4okU6Mql6BOj+uup/wKeA==",
      "dev": true,
      "requires": {
        "safe-buffer": "~5.2.0"
      }
    },
    "ts-node": {
      "version": "8.8.2",
      "resolved": "https://registry.npmjs.org/ts-node/-/ts-node-8.8.2.tgz",
      "integrity": "sha512-duVj6BpSpUpD/oM4MfhO98ozgkp3Gt9qIp3jGxwU2DFvl/3IRaEAvbLa8G60uS7C77457e/m5TMowjedeRxI1Q==",
      "dev": true,
      "requires": {
        "arg": "^4.1.0",
        "diff": "^4.0.1",
        "make-error": "^1.1.1",
        "source-map-support": "^0.5.6",
        "yn": "3.1.1"
      }
    },
    "typescript": {
      "version": "3.8.3",
      "resolved": "https://registry.npmjs.org/typescript/-/typescript-3.8.3.tgz",
      "integrity": "sha512-MYlEfn5VrLNsgudQTVJeNaQFUAI7DkhnOjdpAp4T+ku1TfQClewlbSuTVHiA+8skNBgaf02TL/kLOvig4y3G8w==",
      "dev": true
    },
    "universalify": {
      "version": "1.0.0",
      "resolved": "https://registry.npmjs.org/universalify/-/universalify-1.0.0.tgz",
      "integrity": "sha512-rb6X1W158d7pRQBg5gkR8uPaSfiids68LTJQYOtEUhoJUWBdaQHsuT/EUduxXYxcrt4r5PJ4fuHW1MHT6p0qug=="
    },
    "util-deprecate": {
      "version": "1.0.2",
      "resolved": "https://registry.npmjs.org/util-deprecate/-/util-deprecate-1.0.2.tgz",
      "integrity": "sha1-RQ1Nyfpw3nMnYvvS1KKJgUGaDM8=",
      "dev": true
    },
    "wrappy": {
      "version": "1.0.2",
      "resolved": "https://registry.npmjs.org/wrappy/-/wrappy-1.0.2.tgz",
      "integrity": "sha1-tSQ9jz7BqjXxNkYFvA0QNuMKtp8=",
      "dev": true
    },
    "yn": {
      "version": "3.1.1",
      "resolved": "https://registry.npmjs.org/yn/-/yn-3.1.1.tgz",
      "integrity": "sha512-Ux4ygGWsu2c7isFWe8Yu1YluJmqVhxqK2cLXNQA5AcC3QfbGNpM7fu0Y8b/z16pXLnFxZYvWhd3fhBY9DLmC6Q==",
      "dev": true
    }
  }
}
